
Microsoft Visual Studio Solution File, Format Version 12.00
# Visual Studio Version 17
VisualStudioVersion = 17.7.34202.233
MinimumVisualStudioVersion = 10.0.40219.1
Project("{FAE04EC0-301F-11D3-BF4B-00C04F79EFBC}") = "WebApiDemo", "WebApiDemo.csproj", "{DCBA6E5F-CD14-4702-A65F-2FB822770F87}"
EndProject
Global
	GlobalSection(SolutionConfigurationPlatforms) = preSolution
		Debug|Any CPU = Debug|Any CPU
		Release|Any CPU = Release|Any CPU
	EndGlobalSection
	GlobalSection(ProjectConfigurationPlatforms) = postSolution
		{DCBA6E5F-CD14-4702-A65F-2FB822770F87}.Debug|Any CPU.ActiveCfg = Debug|Any CPU
		{DCBA6E5F-CD14-4702-A65F-2FB822770F87}.Debug|Any CPU.Build.0 = Debug|Any CPU
		{DCBA6E5F-CD14-4702-A65F-2FB822770F87}.Release|Any CPU.ActiveCfg = Release|Any CPU
		{DCBA6E5F-CD14-4702-A65F-2FB822770F87}.Release|Any CPU.Build.0 = Release|Any CPU
	EndGlobalSection
	GlobalSection(SolutionProperties) = preSolution
		HideSolutionNode = FALSE
	EndGlobalSection
	GlobalSection(ExtensibilityGlobals) = postSolution
		SolutionGuid = {CD20295B-C2F8-4DC4-8E45-1D7B4AFDB614}
	EndGlobalSection
EndGlobal
